# THIS IS AN EXAMPLE LOCK FILE FOR DEMO PURPOSES (Yarn Berry)

lodash@^4.17.21:
  version: 4.17.21
  resolution: "lodash@npm:4.17.21"
  checksum: 1234567890abcdef

axios@^1.3.4:
  version: 1.3.4
  resolution: "axios@npm:1.3.4"
  checksum: abcdef1234567890

express@^4.18.2:
  version: 4.18.2
  resolution: "express@npm:4.18.2"
  checksum: 7890abcdef123456 